
Microsoft Visual Studio Solution File, Format Version 12.00
# Visual Studio Version 16
VisualStudioVersion = 16.0.29215.179
MinimumVisualStudioVersion = 10.0.40219.1
Project("{9A19103F-16F7-4668-BE54-9A1E7A4F7556}") = "ImportExcel", "ImportExcel.csproj", "{4811E282-2DAD-4037-A136-1AC409AC57C6}"
EndProject
Project("{9A19103F-16F7-4668-BE54-9A1E7A4F7556}") = "ImportExcel2", "..\ImportExcel2\ImportExcel2.csproj", "{C2A80828-4CF2-44B4-8C2F-B0382A56CD2C}"
EndProject
Project("{9A19103F-16F7-4668-BE54-9A1E7A4F7556}") = "ImportExcel3_base", "..\ImportExcel3_base\ImportExcel3_base.csproj", "{A6120C9E-2867-46F1-AC04-47B1AC783988}"
EndProject
Project("{FAE04EC0-301F-11D3-BF4B-00C04F79EFBC}") = "ImportExcel4_ForReturnBrochure", "..\ImportExcel4_ForReturnBrochure\ImportExcel4_ForReturnBrochure.csproj", "{B743FFBE-28A2-4FE1-BCD1-B6C582647C05}"
EndProject
Global
	GlobalSection(SolutionConfigurationPlatforms) = preSolution
		Debug|Any CPU = Debug|Any CPU
		Release|Any CPU = Release|Any CPU
	EndGlobalSection
	GlobalSection(ProjectConfigurationPlatforms) = postSolution
		{4811E282-2DAD-4037-A136-1AC409AC57C6}.Debug|Any CPU.ActiveCfg = Debug|Any CPU
		{4811E282-2DAD-4037-A136-1AC409AC57C6}.Debug|Any CPU.Build.0 = Debug|Any CPU
		{4811E282-2DAD-4037-A136-1AC409AC57C6}.Release|Any CPU.ActiveCfg = Release|Any CPU
		{4811E282-2DAD-4037-A136-1AC409AC57C6}.Release|Any CPU.Build.0 = Release|Any CPU
		{C2A80828-4CF2-44B4-8C2F-B0382A56CD2C}.Debug|Any CPU.ActiveCfg = Debug|Any CPU
		{C2A80828-4CF2-44B4-8C2F-B0382A56CD2C}.Debug|Any CPU.Build.0 = Debug|Any CPU
		{C2A80828-4CF2-44B4-8C2F-B0382A56CD2C}.Release|Any CPU.ActiveCfg = Release|Any CPU
		{C2A80828-4CF2-44B4-8C2F-B0382A56CD2C}.Release|Any CPU.Build.0 = Release|Any CPU
		{A6120C9E-2867-46F1-AC04-47B1AC783988}.Debug|Any CPU.ActiveCfg = Debug|Any CPU
		{A6120C9E-2867-46F1-AC04-47B1AC783988}.Debug|Any CPU.Build.0 = Debug|Any CPU
		{A6120C9E-2867-46F1-AC04-47B1AC783988}.Release|Any CPU.ActiveCfg = Release|Any CPU
		{A6120C9E-2867-46F1-AC04-47B1AC783988}.Release|Any CPU.Build.0 = Release|Any CPU
		{B743FFBE-28A2-4FE1-BCD1-B6C582647C05}.Debug|Any CPU.ActiveCfg = Debug|Any CPU
		{B743FFBE-28A2-4FE1-BCD1-B6C582647C05}.Debug|Any CPU.Build.0 = Debug|Any CPU
		{B743FFBE-28A2-4FE1-BCD1-B6C582647C05}.Release|Any CPU.ActiveCfg = Release|Any CPU
		{B743FFBE-28A2-4FE1-BCD1-B6C582647C05}.Release|Any CPU.Build.0 = Release|Any CPU
	EndGlobalSection
	GlobalSection(SolutionProperties) = preSolution
		HideSolutionNode = FALSE
	EndGlobalSection
	GlobalSection(ExtensibilityGlobals) = postSolution
		SolutionGuid = {FE08C203-8963-4D40-87CA-C19A35B45F46}
	EndGlobalSection
EndGlobal
